
Microsoft Visual Studio Solution File, Format Version 12.00
# Visual Studio 15
Project("{FAE04EC0-301F-11D3-BF4B-00C04F79EFBC}") = "BirminghamTextAdventureProj", "BirminghamTextAdventureProj\BirminghamTextAdventureProj.csproj", "{3C12C70F-6E23-4621-B9AD-E58E1C4488E5}"
EndProject
Global
	GlobalSection(SolutionConfigurationPlatforms) = preSolution
		Debug|Any CPU = Debug|Any CPU
		Release|Any CPU = Release|Any CPU
	EndGlobalSection
	GlobalSection(ProjectConfigurationPlatforms) = postSolution
		{3C12C70F-6E23-4621-B9AD-E58E1C4488E5}.Debug|Any CPU.ActiveCfg = Debug|Any CPU
		{3C12C70F-6E23-4621-B9AD-E58E1C4488E5}.Debug|Any CPU.Build.0 = Debug|Any CPU
		{3C12C70F-6E23-4621-B9AD-E58E1C4488E5}.Release|Any CPU.ActiveCfg = Release|Any CPU
		{3C12C70F-6E23-4621-B9AD-E58E1C4488E5}.Release|Any CPU.Build.0 = Release|Any CPU
	EndGlobalSection
EndGlobal
